
Microsoft Visual Studio Solution File, Format Version 12.00
# Visual Studio Version 17
VisualStudioVersion = 17.14.36301.6 d17.14
MinimumVisualStudioVersion = 10.0.40219.1
Project("{FAE04EC0-301F-11D3-BF4B-00C04F79EFBC}") = "Api.SummerProject.study", "Api.SummerProject.study\Api.SummerProject.study.csproj", "{DC2F76FE-FFA1-4A78-94F4-07F92556C8C3}"
EndProject
Global
	GlobalSection(SolutionConfigurationPlatforms) = preSolution
		Debug|Any CPU = Debug|Any CPU
		Release|Any CPU = Release|Any CPU
	EndGlobalSection
	GlobalSection(ProjectConfigurationPlatforms) = postSolution
		{DC2F76FE-FFA1-4A78-94F4-07F92556C8C3}.Debug|Any CPU.ActiveCfg = Debug|Any CPU
		{DC2F76FE-FFA1-4A78-94F4-07F92556C8C3}.Debug|Any CPU.Build.0 = Debug|Any CPU
		{DC2F76FE-FFA1-4A78-94F4-07F92556C8C3}.Release|Any CPU.ActiveCfg = Release|Any CPU
		{DC2F76FE-FFA1-4A78-94F4-07F92556C8C3}.Release|Any CPU.Build.0 = Release|Any CPU
	EndGlobalSection
	GlobalSection(SolutionProperties) = preSolution
		HideSolutionNode = FALSE
	EndGlobalSection
	GlobalSection(ExtensibilityGlobals) = postSolution
		SolutionGuid = {B992F196-6CF8-4799-833D-3E6C57332D47}
	EndGlobalSection
EndGlobal
